// !$*UTF8*$!
{
	archiveVersion = 1;
	classes = {
	};
	objectVersion = 51;
	objects = {

/* Begin PBXBuildFile section */
		045107E0242FFC19007A4EC7 /* Announcement.swift in Sources */ = {isa = PBXBuildFile; fileRef = 045107DF242FFC19007A4EC7 /* Announcement.swift */; };
		045107E2242FFF14007A4EC7 /* AnnouncementCell.swift in Sources */ = {isa = PBXBuildFile; fileRef = 045107E1242FFF14007A4EC7 /* AnnouncementCell.swift */; };
		04FFCB3C24341EC000DE0FFE /* AnnouncementsVC.swift in Sources */ = {isa = PBXBuildFile; fileRef = 04FFCB3B24341EC000DE0FFE /* AnnouncementsVC.swift */; };
		04FFCB3E2434279D00DE0FFE /* AddAnnouncementVC.swift in Sources */ = {isa = PBXBuildFile; fileRef = 04FFCB3D2434279D00DE0FFE /* AddAnnouncementVC.swift */; };
		2A64875FA3DB40BED70B60DE /* Pods_Freej.framework in Frameworks */ = {isa = PBXBuildFile; fileRef = 57BEDCB9C7BF77C08BADB881 /* Pods_Freej.framework */; };
		86EEB1FBE9E1D14FAFE944AF /* Pods_FreejTests.framework in Frameworks */ = {isa = PBXBuildFile; fileRef = 90D42A89E1EEA7CE780BBDED /* Pods_FreejTests.framework */; };
		E3CACB3BE0C7DB36F70B7DFD /* Pods_Freej_FreejUITests.framework in Frameworks */ = {isa = PBXBuildFile; fileRef = F2A66BFDCB59CE87E809D6D0 /* Pods_Freej_FreejUITests.framework */; };
		EB0453702424F690009BAE59 /* SignUpVC.swift in Sources */ = {isa = PBXBuildFile; fileRef = EB04536F2424F690009BAE59 /* SignUpVC.swift */; };
		EB0453722424F6BB009BAE59 /* ValidateVC.swift in Sources */ = {isa = PBXBuildFile; fileRef = EB0453712424F6BB009BAE59 /* ValidateVC.swift */; };
		EB163E042428FB7B004A34BA /* PersistentDataModel.xcdatamodeld in Sources */ = {isa = PBXBuildFile; fileRef = EB163E022428FB7B004A34BA /* PersistentDataModel.xcdatamodeld */; };
		EB163E0624294682004A34BA /* DataModel.swift in Sources */ = {isa = PBXBuildFile; fileRef = EB163E0524294682004A34BA /* DataModel.swift */; };
		EB20BC15244B413D0037ACD9 /* LoadingVC.swift in Sources */ = {isa = PBXBuildFile; fileRef = EB20BC14244B413D0037ACD9 /* LoadingVC.swift */; };
		EB36413D2417E89300F81D6A /* AppDelegate.swift in Sources */ = {isa = PBXBuildFile; fileRef = EB36413C2417E89300F81D6A /* AppDelegate.swift */; };
		EB36413F2417E89300F81D6A /* SceneDelegate.swift in Sources */ = {isa = PBXBuildFile; fileRef = EB36413E2417E89300F81D6A /* SceneDelegate.swift */; };
		EB3641432417E89300F81D6A /* ActivitesVC.swift in Sources */ = {isa = PBXBuildFile; fileRef = EB3641422417E89300F81D6A /* ActivitesVC.swift */; };
		EB3641462417E89300F81D6A /* Main.storyboard in Resources */ = {isa = PBXBuildFile; fileRef = EB3641442417E89300F81D6A /* Main.storyboard */; };
		EB3641482417E89600F81D6A /* Assets.xcassets in Resources */ = {isa = PBXBuildFile; fileRef = EB3641472417E89600F81D6A /* Assets.xcassets */; };
		EB36414B2417E89600F81D6A /* LaunchScreen.storyboard in Resources */ = {isa = PBXBuildFile; fileRef = EB3641492417E89600F81D6A /* LaunchScreen.storyboard */; };
		EB3641562417E89600F81D6A /* FreejTests.swift in Sources */ = {isa = PBXBuildFile; fileRef = EB3641552417E89600F81D6A /* FreejTests.swift */; };
		EB3641612417E89600F81D6A /* FreejUITests.swift in Sources */ = {isa = PBXBuildFile; fileRef = EB3641602417E89600F81D6A /* FreejUITests.swift */; };
		EB465DE92428E768006766F3 /* Student.swift in Sources */ = {isa = PBXBuildFile; fileRef = EB465DE82428E768006766F3 /* Student.swift */; };
		EB4B5E2F2417ECD600EB7EB9 /* SettingsVC.swift in Sources */ = {isa = PBXBuildFile; fileRef = EB4B5E2E2417ECD600EB7EB9 /* SettingsVC.swift */; };
		EB52C4992448A7F500F01ABA /* ActivityTypeCell.swift in Sources */ = {isa = PBXBuildFile; fileRef = EB52C4972448A7F500F01ABA /* ActivityTypeCell.swift */; };
		EB52C49A2448A7F500F01ABA /* ActivityTypeCell.xib in Resources */ = {isa = PBXBuildFile; fileRef = EB52C4982448A7F500F01ABA /* ActivityTypeCell.xib */; };
		EB52C4A12448AA2C00F01ABA /* ActivityCollectionViewCell.swift in Sources */ = {isa = PBXBuildFile; fileRef = EB52C49F2448AA2C00F01ABA /* ActivityCollectionViewCell.swift */; };
		EB52C4A22448AA2C00F01ABA /* ActivityCollectionViewCell.xib in Resources */ = {isa = PBXBuildFile; fileRef = EB52C4A02448AA2C00F01ABA /* ActivityCollectionViewCell.xib */; };
		EB6FC6C82418FE3E00CBA10B /* ERModel.pdf in Resources */ = {isa = PBXBuildFile; fileRef = EB6FC6C42418FE3E00CBA10B /* ERModel.pdf */; };
		EB6FC6C92418FE3E00CBA10B /* LogicalDiagram.pdf in Resources */ = {isa = PBXBuildFile; fileRef = EB6FC6C52418FE3E00CBA10B /* LogicalDiagram.pdf */; };
		EB6FC6CA2418FE3E00CBA10B /* UseCaseDiagram.pdf in Resources */ = {isa = PBXBuildFile; fileRef = EB6FC6C62418FE3E00CBA10B /* UseCaseDiagram.pdf */; };
		EB6FC6CB2418FE3E00CBA10B /* UserRequirements.docx in Resources */ = {isa = PBXBuildFile; fileRef = EB6FC6C72418FE3E00CBA10B /* UserRequirements.docx */; };
		EB8A2C4E241B03D2005ED1A2 /* NetworkManager.swift in Sources */ = {isa = PBXBuildFile; fileRef = EB8A2C4D241B03D2005ED1A2 /* NetworkManager.swift */; };
		EB945A5C241ABC8E005D2BAD /* SF-Pro-Display-Bold.otf in Resources */ = {isa = PBXBuildFile; fileRef = EB945A58241ABC4F005D2BAD /* SF-Pro-Display-Bold.otf */; };
		EB945A5D241ABC93005D2BAD /* SF-Pro-Display-Regular.otf in Resources */ = {isa = PBXBuildFile; fileRef = EB945A59241ABC4F005D2BAD /* SF-Pro-Display-Regular.otf */; };
		EBA9C14B2446015B0032382B /* SettingsData.swift in Sources */ = {isa = PBXBuildFile; fileRef = EBA9C14A2446015B0032382B /* SettingsData.swift */; };
		EBC1F7D624523AB700B652CC /* AddActivityVC.swift in Sources */ = {isa = PBXBuildFile; fileRef = EBC1F7D524523AB700B652CC /* AddActivityVC.swift */; };
		EBD2370D244781030095700F /* UserProfileVC.swift in Sources */ = {isa = PBXBuildFile; fileRef = EBD2370C244781030095700F /* UserProfileVC.swift */; };
		EBF0A4022448E0EC00D7C93A /* ActivityType.swift in Sources */ = {isa = PBXBuildFile; fileRef = EBF0A4012448E0EC00D7C93A /* ActivityType.swift */; };
		EBF0A4042448F20800D7C93A /* Activity.swift in Sources */ = {isa = PBXBuildFile; fileRef = EBF0A4032448F20800D7C93A /* Activity.swift */; };
		EBFC5A84241AF202000EB7D0 /* WelcomeVC.swift in Sources */ = {isa = PBXBuildFile; fileRef = EBFC5A83241AF202000EB7D0 /* WelcomeVC.swift */; };
/* End PBXBuildFile section */

/* Begin PBXContainerItemProxy section */
		EB3641522417E89600F81D6A /* PBXContainerItemProxy */ = {
			isa = PBXContainerItemProxy;
			containerPortal = EB3641312417E89300F81D6A /* Project object */;
			proxyType = 1;
			remoteGlobalIDString = EB3641382417E89300F81D6A;
			remoteInfo = Freej;
		};
		EB36415D2417E89600F81D6A /* PBXContainerItemProxy */ = {
			isa = PBXContainerItemProxy;
			containerPortal = EB3641312417E89300F81D6A /* Project object */;
			proxyType = 1;
			remoteGlobalIDString = EB3641382417E89300F81D6A;
			remoteInfo = Freej;
		};
/* End PBXContainerItemProxy section */

/* Begin PBXFileReference section */
		045107DF242FFC19007A4EC7 /* Announcement.swift */ = {isa = PBXFileReference; lastKnownFileType = sourcecode.swift; path = Announcement.swift; sourceTree = "<group>"; };
		045107E1242FFF14007A4EC7 /* AnnouncementCell.swift */ = {isa = PBXFileReference; lastKnownFileType = sourcecode.swift; path = AnnouncementCell.swift; sourceTree = "<group>"; };
		04FFCB3B24341EC000DE0FFE /* AnnouncementsVC.swift */ = {isa = PBXFileReference; lastKnownFileType = sourcecode.swift; path = AnnouncementsVC.swift; sourceTree = "<group>"; };
		04FFCB3D2434279D00DE0FFE /* AddAnnouncementVC.swift */ = {isa = PBXFileReference; lastKnownFileType = sourcecode.swift; path = AddAnnouncementVC.swift; sourceTree = "<group>"; };
		4020848BDCD64D089A5D5B34 /* Pods-Freej.release.xcconfig */ = {isa = PBXFileReference; includeInIndex = 1; lastKnownFileType = text.xcconfig; name = "Pods-Freej.release.xcconfig"; path = "Target Support Files/Pods-Freej/Pods-Freej.release.xcconfig"; sourceTree = "<group>"; };
		57BEDCB9C7BF77C08BADB881 /* Pods_Freej.framework */ = {isa = PBXFileReference; explicitFileType = wrapper.framework; includeInIndex = 0; path = Pods_Freej.framework; sourceTree = BUILT_PRODUCTS_DIR; };
		778648B65607D18A168FAB30 /* Pods-FreejTests.release.xcconfig */ = {isa = PBXFileReference; includeInIndex = 1; lastKnownFileType = text.xcconfig; name = "Pods-FreejTests.release.xcconfig"; path = "Target Support Files/Pods-FreejTests/Pods-FreejTests.release.xcconfig"; sourceTree = "<group>"; };
		7F63EF5E6AF3D00E609FF357 /* Pods-Freej-FreejUITests.release.xcconfig */ = {isa = PBXFileReference; includeInIndex = 1; lastKnownFileType = text.xcconfig; name = "Pods-Freej-FreejUITests.release.xcconfig"; path = "Target Support Files/Pods-Freej-FreejUITests/Pods-Freej-FreejUITests.release.xcconfig"; sourceTree = "<group>"; };
		90D42A89E1EEA7CE780BBDED /* Pods_FreejTests.framework */ = {isa = PBXFileReference; explicitFileType = wrapper.framework; includeInIndex = 0; path = Pods_FreejTests.framework; sourceTree = BUILT_PRODUCTS_DIR; };
		93695000B220FEADDD20C473 /* Pods-FreejTests.debug.xcconfig */ = {isa = PBXFileReference; includeInIndex = 1; lastKnownFileType = text.xcconfig; name = "Pods-FreejTests.debug.xcconfig"; path = "Target Support Files/Pods-FreejTests/Pods-FreejTests.debug.xcconfig"; sourceTree = "<group>"; };
		AC83FDCADD2D94240D34537A /* Pods-Freej-FreejUITests.debug.xcconfig */ = {isa = PBXFileReference; includeInIndex = 1; lastKnownFileType = text.xcconfig; name = "Pods-Freej-FreejUITests.debug.xcconfig"; path = "Target Support Files/Pods-Freej-FreejUITests/Pods-Freej-FreejUITests.debug.xcconfig"; sourceTree = "<group>"; };
		B97E63841FA88A67ADB9B49A /* Pods-Freej.debug.xcconfig */ = {isa = PBXFileReference; includeInIndex = 1; lastKnownFileType = text.xcconfig; name = "Pods-Freej.debug.xcconfig"; path = "Target Support Files/Pods-Freej/Pods-Freej.debug.xcconfig"; sourceTree = "<group>"; };
		EB04536F2424F690009BAE59 /* SignUpVC.swift */ = {isa = PBXFileReference; lastKnownFileType = sourcecode.swift; path = SignUpVC.swift; sourceTree = "<group>"; };
		EB0453712424F6BB009BAE59 /* ValidateVC.swift */ = {isa = PBXFileReference; lastKnownFileType = sourcecode.swift; path = ValidateVC.swift; sourceTree = "<group>"; };
		EB163E032428FB7B004A34BA /* DataModel.xcdatamodel */ = {isa = PBXFileReference; lastKnownFileType = wrapper.xcdatamodel; path = DataModel.xcdatamodel; sourceTree = "<group>"; };
		EB163E0524294682004A34BA /* DataModel.swift */ = {isa = PBXFileReference; lastKnownFileType = sourcecode.swift; path = DataModel.swift; sourceTree = "<group>"; };
		EB20BC14244B413D0037ACD9 /* LoadingVC.swift */ = {isa = PBXFileReference; lastKnownFileType = sourcecode.swift; path = LoadingVC.swift; sourceTree = "<group>"; };
		EB3641392417E89300F81D6A /* Freej.app */ = {isa = PBXFileReference; explicitFileType = wrapper.application; includeInIndex = 0; path = Freej.app; sourceTree = BUILT_PRODUCTS_DIR; };
		EB36413C2417E89300F81D6A /* AppDelegate.swift */ = {isa = PBXFileReference; lastKnownFileType = sourcecode.swift; path = AppDelegate.swift; sourceTree = "<group>"; };
		EB36413E2417E89300F81D6A /* SceneDelegate.swift */ = {isa = PBXFileReference; lastKnownFileType = sourcecode.swift; path = SceneDelegate.swift; sourceTree = "<group>"; };
		EB3641422417E89300F81D6A /* ActivitesVC.swift */ = {isa = PBXFileReference; lastKnownFileType = sourcecode.swift; path = ActivitesVC.swift; sourceTree = "<group>"; };
		EB3641452417E89300F81D6A /* Base */ = {isa = PBXFileReference; lastKnownFileType = file.storyboard; name = Base; path = Base.lproj/Main.storyboard; sourceTree = "<group>"; };
		EB3641472417E89600F81D6A /* Assets.xcassets */ = {isa = PBXFileReference; lastKnownFileType = folder.assetcatalog; path = Assets.xcassets; sourceTree = "<group>"; };
		EB36414A2417E89600F81D6A /* Base */ = {isa = PBXFileReference; lastKnownFileType = file.storyboard; name = Base; path = Base.lproj/LaunchScreen.storyboard; sourceTree = "<group>"; };
		EB36414C2417E89600F81D6A /* Info.plist */ = {isa = PBXFileReference; lastKnownFileType = text.plist.xml; path = Info.plist; sourceTree = "<group>"; };
		EB3641512417E89600F81D6A /* FreejTests.xctest */ = {isa = PBXFileReference; explicitFileType = wrapper.cfbundle; includeInIndex = 0; path = FreejTests.xctest; sourceTree = BUILT_PRODUCTS_DIR; };
		EB3641552417E89600F81D6A /* FreejTests.swift */ = {isa = PBXFileReference; lastKnownFileType = sourcecode.swift; path = FreejTests.swift; sourceTree = "<group>"; };
		EB3641572417E89600F81D6A /* Info.plist */ = {isa = PBXFileReference; lastKnownFileType = text.plist.xml; path = Info.plist; sourceTree = "<group>"; };
		EB36415C2417E89600F81D6A /* FreejUITests.xctest */ = {isa = PBXFileReference; explicitFileType = wrapper.cfbundle; includeInIndex = 0; path = FreejUITests.xctest; sourceTree = BUILT_PRODUCTS_DIR; };
		EB3641602417E89600F81D6A /* FreejUITests.swift */ = {isa = PBXFileReference; lastKnownFileType = sourcecode.swift; path = FreejUITests.swift; sourceTree = "<group>"; };
		EB3641622417E89600F81D6A /* Info.plist */ = {isa = PBXFileReference; lastKnownFileType = text.plist.xml; path = Info.plist; sourceTree = "<group>"; };
		EB465DE82428E768006766F3 /* Student.swift */ = {isa = PBXFileReference; lastKnownFileType = sourcecode.swift; path = Student.swift; sourceTree = "<group>"; };
		EB4B5E2E2417ECD600EB7EB9 /* SettingsVC.swift */ = {isa = PBXFileReference; lastKnownFileType = sourcecode.swift; path = SettingsVC.swift; sourceTree = "<group>"; };
		EB52C4972448A7F500F01ABA /* ActivityTypeCell.swift */ = {isa = PBXFileReference; lastKnownFileType = sourcecode.swift; path = ActivityTypeCell.swift; sourceTree = "<group>"; };
		EB52C4982448A7F500F01ABA /* ActivityTypeCell.xib */ = {isa = PBXFileReference; lastKnownFileType = file.xib; path = ActivityTypeCell.xib; sourceTree = "<group>"; };
		EB52C49F2448AA2C00F01ABA /* ActivityCollectionViewCell.swift */ = {isa = PBXFileReference; lastKnownFileType = sourcecode.swift; path = ActivityCollectionViewCell.swift; sourceTree = "<group>"; };
		EB52C4A02448AA2C00F01ABA /* ActivityCollectionViewCell.xib */ = {isa = PBXFileReference; lastKnownFileType = file.xib; path = ActivityCollectionViewCell.xib; sourceTree = "<group>"; };
		EB6FC6C42418FE3E00CBA10B /* ERModel.pdf */ = {isa = PBXFileReference; lastKnownFileType = image.pdf; path = ERModel.pdf; sourceTree = "<group>"; };
		EB6FC6C52418FE3E00CBA10B /* LogicalDiagram.pdf */ = {isa = PBXFileReference; lastKnownFileType = image.pdf; path = LogicalDiagram.pdf; sourceTree = "<group>"; };
		EB6FC6C62418FE3E00CBA10B /* UseCaseDiagram.pdf */ = {isa = PBXFileReference; lastKnownFileType = image.pdf; path = UseCaseDiagram.pdf; sourceTree = "<group>"; };
		EB6FC6C72418FE3E00CBA10B /* UserRequirements.docx */ = {isa = PBXFileReference; lastKnownFileType = file; path = UserRequirements.docx; sourceTree = "<group>"; };
		EB8A2C4D241B03D2005ED1A2 /* NetworkManager.swift */ = {isa = PBXFileReference; lastKnownFileType = sourcecode.swift; path = NetworkManager.swift; sourceTree = "<group>"; };
		EB945A58241ABC4F005D2BAD /* SF-Pro-Display-Bold.otf */ = {isa = PBXFileReference; lastKnownFileType = text; path = "SF-Pro-Display-Bold.otf"; sourceTree = "<group>"; };
		EB945A59241ABC4F005D2BAD /* SF-Pro-Display-Regular.otf */ = {isa = PBXFileReference; lastKnownFileType = text; path = "SF-Pro-Display-Regular.otf"; sourceTree = "<group>"; };
		EBA9C14A2446015B0032382B /* SettingsData.swift */ = {isa = PBXFileReference; lastKnownFileType = sourcecode.swift; path = SettingsData.swift; sourceTree = "<group>"; };
		EBC1F7D524523AB700B652CC /* AddActivityVC.swift */ = {isa = PBXFileReference; lastKnownFileType = sourcecode.swift; path = AddActivityVC.swift; sourceTree = "<group>"; };
		EBD2370C244781030095700F /* UserProfileVC.swift */ = {isa = PBXFileReference; lastKnownFileType = sourcecode.swift; path = UserProfileVC.swift; sourceTree = "<group>"; };
		EBF0A4012448E0EC00D7C93A /* ActivityType.swift */ = {isa = PBXFileReference; lastKnownFileType = sourcecode.swift; path = ActivityType.swift; sourceTree = "<group>"; };
		EBF0A4032448F20800D7C93A /* Activity.swift */ = {isa = PBXFileReference; lastKnownFileType = sourcecode.swift; path = Activity.swift; sourceTree = "<group>"; };
		EBFC5A83241AF202000EB7D0 /* WelcomeVC.swift */ = {isa = PBXFileReference; lastKnownFileType = sourcecode.swift; path = WelcomeVC.swift; sourceTree = "<group>"; };
		F2A66BFDCB59CE87E809D6D0 /* Pods_Freej_FreejUITests.framework */ = {isa = PBXFileReference; explicitFileType = wrapper.framework; includeInIndex = 0; path = Pods_Freej_FreejUITests.framework; sourceTree = BUILT_PRODUCTS_DIR; };
/* End PBXFileReference section */

/* Begin PBXFrameworksBuildPhase section */
		EB3641362417E89300F81D6A /* Frameworks */ = {
			isa = PBXFrameworksBuildPhase;
			buildActionMask = 2147483647;
			files = (
				2A64875FA3DB40BED70B60DE /* Pods_Freej.framework in Frameworks */,
			);
			runOnlyForDeploymentPostprocessing = 0;
		};
		EB36414E2417E89600F81D6A /* Frameworks */ = {
			isa = PBXFrameworksBuildPhase;
			buildActionMask = 2147483647;
			files = (
				86EEB1FBE9E1D14FAFE944AF /* Pods_FreejTests.framework in Frameworks */,
			);
			runOnlyForDeploymentPostprocessing = 0;
		};
		EB3641592417E89600F81D6A /* Frameworks */ = {
			isa = PBXFrameworksBuildPhase;
			buildActionMask = 2147483647;
			files = (
				E3CACB3BE0C7DB36F70B7DFD /* Pods_Freej_FreejUITests.framework in Frameworks */,
			);
			runOnlyForDeploymentPostprocessing = 0;
		};
/* End PBXFrameworksBuildPhase section */

/* Begin PBXGroup section */
		5C0B2DF5270111098E834E26 /* Pods */ = {
			isa = PBXGroup;
			children = (
				B97E63841FA88A67ADB9B49A /* Pods-Freej.debug.xcconfig */,
				4020848BDCD64D089A5D5B34 /* Pods-Freej.release.xcconfig */,
				AC83FDCADD2D94240D34537A /* Pods-Freej-FreejUITests.debug.xcconfig */,
				7F63EF5E6AF3D00E609FF357 /* Pods-Freej-FreejUITests.release.xcconfig */,
				93695000B220FEADDD20C473 /* Pods-FreejTests.debug.xcconfig */,
				778648B65607D18A168FAB30 /* Pods-FreejTests.release.xcconfig */,
			);
			path = Pods;
			sourceTree = "<group>";
		};
		B6F67B2DBD545F34777EEE53 /* Frameworks */ = {
			isa = PBXGroup;
			children = (
				57BEDCB9C7BF77C08BADB881 /* Pods_Freej.framework */,
				F2A66BFDCB59CE87E809D6D0 /* Pods_Freej_FreejUITests.framework */,
				90D42A89E1EEA7CE780BBDED /* Pods_FreejTests.framework */,
			);
			name = Frameworks;
			sourceTree = "<group>";
		};
		EB283E34244474F800F6B311 /* PreLoginVC */ = {
			isa = PBXGroup;
			children = (
				EB20BC14244B413D0037ACD9 /* LoadingVC.swift */,
				EBFC5A83241AF202000EB7D0 /* WelcomeVC.swift */,
				EB04536F2424F690009BAE59 /* SignUpVC.swift */,
				EB0453712424F6BB009BAE59 /* ValidateVC.swift */,
			);
			path = PreLoginVC;
			sourceTree = "<group>";
		};
		EB283E352444776600F6B311 /* SettingsVC */ = {
			isa = PBXGroup;
			children = (
				EB4B5E2E2417ECD600EB7EB9 /* SettingsVC.swift */,
				EBD2370C244781030095700F /* UserProfileVC.swift */,
			);
			path = SettingsVC;
			sourceTree = "<group>";
		};
		EB283E362444776F00F6B311 /* ActivitiesVC */ = {
			isa = PBXGroup;
			children = (
				EB3641422417E89300F81D6A /* ActivitesVC.swift */,
				EB52C4972448A7F500F01ABA /* ActivityTypeCell.swift */,
				EB52C4982448A7F500F01ABA /* ActivityTypeCell.xib */,
				EB52C49F2448AA2C00F01ABA /* ActivityCollectionViewCell.swift */,
				EB52C4A02448AA2C00F01ABA /* ActivityCollectionViewCell.xib */,
				EBC1F7D524523AB700B652CC /* AddActivityVC.swift */,
			);
			path = ActivitiesVC;
			sourceTree = "<group>";
		};
		EB3641302417E89300F81D6A = {
			isa = PBXGroup;
			children = (
				EB6955F4241AB905004647B4 /* Addons */,
				EB6FC6C32418FE0E00CBA10B /* Diagrams */,
				EB36413B2417E89300F81D6A /* Freej */,
				EB3641542417E89600F81D6A /* FreejTests */,
				EB36415F2417E89600F81D6A /* FreejUITests */,
				EB36413A2417E89300F81D6A /* Products */,
				5C0B2DF5270111098E834E26 /* Pods */,
				B6F67B2DBD545F34777EEE53 /* Frameworks */,
			);
			sourceTree = "<group>";
		};
		EB36413A2417E89300F81D6A /* Products */ = {
			isa = PBXGroup;
			children = (
				EB3641392417E89300F81D6A /* Freej.app */,
				EB3641512417E89600F81D6A /* FreejTests.xctest */,
				EB36415C2417E89600F81D6A /* FreejUITests.xctest */,
			);
			name = Products;
			sourceTree = "<group>";
		};
		EB36413B2417E89300F81D6A /* Freej */ = {
			isa = PBXGroup;
			children = (
				EB36413C2417E89300F81D6A /* AppDelegate.swift */,
				EB36413E2417E89300F81D6A /* SceneDelegate.swift */,
				EB4B5E312417F64B00EB7EB9 /* Model */,
				EB4B5E302417F64300EB7EB9 /* View */,
				EB4B5E322417F65300EB7EB9 /* Controller */,
				EB3641472417E89600F81D6A /* Assets.xcassets */,
				EB36414C2417E89600F81D6A /* Info.plist */,
			);
			path = Freej;
			sourceTree = "<group>";
		};
		EB3641542417E89600F81D6A /* FreejTests */ = {
			isa = PBXGroup;
			children = (
				EB3641552417E89600F81D6A /* FreejTests.swift */,
				EB3641572417E89600F81D6A /* Info.plist */,
			);
			path = FreejTests;
			sourceTree = "<group>";
		};
		EB36415F2417E89600F81D6A /* FreejUITests */ = {
			isa = PBXGroup;
			children = (
				EB3641602417E89600F81D6A /* FreejUITests.swift */,
				EB3641622417E89600F81D6A /* Info.plist */,
			);
			path = FreejUITests;
			sourceTree = "<group>";
		};
		EB4B5E302417F64300EB7EB9 /* View */ = {
			isa = PBXGroup;
			children = (
				EB3641442417E89300F81D6A /* Main.storyboard */,
				EB3641492417E89600F81D6A /* LaunchScreen.storyboard */,
			);
			path = View;
			sourceTree = "<group>";
		};
		EB4B5E312417F64B00EB7EB9 /* Model */ = {
			isa = PBXGroup;
			children = (
				EBF0A4062449257200D7C93A /* Cards */,
				EB465DE82428E768006766F3 /* Student.swift */,
				EB163E022428FB7B004A34BA /* PersistentDataModel.xcdatamodeld */,
				EB163E0524294682004A34BA /* DataModel.swift */,
				EB8A2C4D241B03D2005ED1A2 /* NetworkManager.swift */,
			);
			path = Model;
			sourceTree = "<group>";
		};
		EB4B5E322417F65300EB7EB9 /* Controller */ = {
			isa = PBXGroup;
			children = (
				EB283E34244474F800F6B311 /* PreLoginVC */,
				EB283E362444776F00F6B311 /* ActivitiesVC */,
				EB6794722443CD50004A496E /* AnnouncementsVC */,
				EB283E352444776600F6B311 /* SettingsVC */,
			);
			path = Controller;
			sourceTree = "<group>";
		};
		EB6794722443CD50004A496E /* AnnouncementsVC */ = {
			isa = PBXGroup;
			children = (
				04FFCB3B24341EC000DE0FFE /* AnnouncementsVC.swift */,
				04FFCB3D2434279D00DE0FFE /* AddAnnouncementVC.swift */,
				045107E1242FFF14007A4EC7 /* AnnouncementCell.swift */,
			);
			path = AnnouncementsVC;
			sourceTree = "<group>";
		};
		EB6955F4241AB905004647B4 /* Addons */ = {
			isa = PBXGroup;
			children = (
				EB945A58241ABC4F005D2BAD /* SF-Pro-Display-Bold.otf */,
				EB945A59241ABC4F005D2BAD /* SF-Pro-Display-Regular.otf */,
			);
			path = Addons;
			sourceTree = "<group>";
		};
		EB6FC6C32418FE0E00CBA10B /* Diagrams */ = {
			isa = PBXGroup;
			children = (
				EB6FC6C42418FE3E00CBA10B /* ERModel.pdf */,
				EB6FC6C52418FE3E00CBA10B /* LogicalDiagram.pdf */,
				EB6FC6C62418FE3E00CBA10B /* UseCaseDiagram.pdf */,
				EB6FC6C72418FE3E00CBA10B /* UserRequirements.docx */,
			);
			path = Diagrams;
			sourceTree = "<group>";
		};
		EBF0A4062449257200D7C93A /* Cards */ = {
			isa = PBXGroup;
			children = (
				EBF0A4012448E0EC00D7C93A /* ActivityType.swift */,
				045107DF242FFC19007A4EC7 /* Announcement.swift */,
				EBF0A4032448F20800D7C93A /* Activity.swift */,
				EBA9C14A2446015B0032382B /* SettingsData.swift */,
			);
			path = Cards;
			sourceTree = "<group>";
		};
/* End PBXGroup section */

/* Begin PBXNativeTarget section */
		EB3641382417E89300F81D6A /* Freej */ = {
			isa = PBXNativeTarget;
			buildConfigurationList = EB3641652417E89600F81D6A /* Build configuration list for PBXNativeTarget "Freej" */;
			buildPhases = (
				62BBD8AB694D8BA662FB00BD /* [CP] Check Pods Manifest.lock */,
				EB3641352417E89300F81D6A /* Sources */,
				EB3641362417E89300F81D6A /* Frameworks */,
				EB3641372417E89300F81D6A /* Resources */,
				1B0D1C2A7DE390EE3308C58E /* [CP] Embed Pods Frameworks */,
			);
			buildRules = (
			);
			dependencies = (
			);
			name = Freej;
			productName = Freej;
			productReference = EB3641392417E89300F81D6A /* Freej.app */;
			productType = "com.apple.product-type.application";
		};
		EB3641502417E89600F81D6A /* FreejTests */ = {
			isa = PBXNativeTarget;
			buildConfigurationList = EB3641682417E89600F81D6A /* Build configuration list for PBXNativeTarget "FreejTests" */;
			buildPhases = (
				3375FFC58003FB3666EAEC3D /* [CP] Check Pods Manifest.lock */,
				EB36414D2417E89600F81D6A /* Sources */,
				EB36414E2417E89600F81D6A /* Frameworks */,
				EB36414F2417E89600F81D6A /* Resources */,
			);
			buildRules = (
			);
			dependencies = (
				EB3641532417E89600F81D6A /* PBXTargetDependency */,
			);
			name = FreejTests;
			productName = FreejTests;
			productReference = EB3641512417E89600F81D6A /* FreejTests.xctest */;
			productType = "com.apple.product-type.bundle.unit-test";
		};
		EB36415B2417E89600F81D6A /* FreejUITests */ = {
			isa = PBXNativeTarget;
			buildConfigurationList = EB36416B2417E89600F81D6A /* Build configuration list for PBXNativeTarget "FreejUITests" */;
			buildPhases = (
				318A6693438EDBBD59E35113 /* [CP] Check Pods Manifest.lock */,
				EB3641582417E89600F81D6A /* Sources */,
				EB3641592417E89600F81D6A /* Frameworks */,
				EB36415A2417E89600F81D6A /* Resources */,
				83D63F0D38621563B6F46339 /* [CP] Embed Pods Frameworks */,
			);
			buildRules = (
			);
			dependencies = (
				EB36415E2417E89600F81D6A /* PBXTargetDependency */,
			);
			name = FreejUITests;
			productName = FreejUITests;
			productReference = EB36415C2417E89600F81D6A /* FreejUITests.xctest */;
			productType = "com.apple.product-type.bundle.ui-testing";
		};
/* End PBXNativeTarget section */

/* Begin PBXProject section */
		EB3641312417E89300F81D6A /* Project object */ = {
			isa = PBXProject;
			attributes = {
				LastSwiftUpdateCheck = 1130;
				LastUpgradeCheck = 1130;
				ORGANIZATIONNAME = Squadra;
				TargetAttributes = {
					EB3641382417E89300F81D6A = {
						CreatedOnToolsVersion = 11.3.1;
					};
					EB3641502417E89600F81D6A = {
						CreatedOnToolsVersion = 11.3.1;
						TestTargetID = EB3641382417E89300F81D6A;
					};
					EB36415B2417E89600F81D6A = {
						CreatedOnToolsVersion = 11.3.1;
						TestTargetID = EB3641382417E89300F81D6A;
					};
				};
			};
			buildConfigurationList = EB3641342417E89300F81D6A /* Build configuration list for PBXProject "Freej" */;
			compatibilityVersion = "Xcode 9.3";
			developmentRegion = en;
			hasScannedForEncodings = 0;
			knownRegions = (
				en,
				Base,
			);
			mainGroup = EB3641302417E89300F81D6A;
			productRefGroup = EB36413A2417E89300F81D6A /* Products */;
			projectDirPath = "";
			projectRoot = "";
			targets = (
				EB3641382417E89300F81D6A /* Freej */,
				EB3641502417E89600F81D6A /* FreejTests */,
				EB36415B2417E89600F81D6A /* FreejUITests */,
			);
		};
/* End PBXProject section */

/* Begin PBXResourcesBuildPhase section */
		EB3641372417E89300F81D6A /* Resources */ = {
			isa = PBXResourcesBuildPhase;
			buildActionMask = 2147483647;
			files = (
				EB52C4A22448AA2C00F01ABA /* ActivityCollectionViewCell.xib in Resources */,
				EB945A5D241ABC93005D2BAD /* SF-Pro-Display-Regular.otf in Resources */,
				EB945A5C241ABC8E005D2BAD /* SF-Pro-Display-Bold.otf in Resources */,
				EB6FC6CB2418FE3E00CBA10B /* UserRequirements.docx in Resources */,
				EB6FC6CA2418FE3E00CBA10B /* UseCaseDiagram.pdf in Resources */,
				EB36414B2417E89600F81D6A /* LaunchScreen.storyboard in Resources */,
				EB3641482417E89600F81D6A /* Assets.xcassets in Resources */,
				EB52C49A2448A7F500F01ABA /* ActivityTypeCell.xib in Resources */,
				EB3641462417E89300F81D6A /* Main.storyboard in Resources */,
				EB6FC6C82418FE3E00CBA10B /* ERModel.pdf in Resources */,
				EB6FC6C92418FE3E00CBA10B /* LogicalDiagram.pdf in Resources */,
			);
			runOnlyForDeploymentPostprocessing = 0;
		};
		EB36414F2417E89600F81D6A /* Resources */ = {
			isa = PBXResourcesBuildPhase;
			buildActionMask = 2147483647;
			files = (
			);
			runOnlyForDeploymentPostprocessing = 0;
		};
		EB36415A2417E89600F81D6A /* Resources */ = {
			isa = PBXResourcesBuildPhase;
			buildActionMask = 2147483647;
			files = (
			);
			runOnlyForDeploymentPostprocessing = 0;
		};
/* End PBXResourcesBuildPhase section */

/* Begin PBXShellScriptBuildPhase section */
		1B0D1C2A7DE390EE3308C58E /* [CP] Embed Pods Frameworks */ = {
			isa = PBXShellScriptBuildPhase;
			buildActionMask = 2147483647;
			files = (
			);
			inputFileListPaths = (
				"${PODS_ROOT}/Target Support Files/Pods-Freej/Pods-Freej-frameworks-${CONFIGURATION}-input-files.xcfilelist",
			);
			name = "[CP] Embed Pods Frameworks";
			outputFileListPaths = (
				"${PODS_ROOT}/Target Support Files/Pods-Freej/Pods-Freej-frameworks-${CONFIGURATION}-output-files.xcfilelist",
			);
			runOnlyForDeploymentPostprocessing = 0;
			shellPath = /bin/sh;
			shellScript = "\"${PODS_ROOT}/Target Support Files/Pods-Freej/Pods-Freej-frameworks.sh\"\n";
			showEnvVarsInLog = 0;
		};
		318A6693438EDBBD59E35113 /* [CP] Check Pods Manifest.lock */ = {
			isa = PBXShellScriptBuildPhase;
			buildActionMask = 2147483647;
			files = (
			);
			inputFileListPaths = (
			);
			inputPaths = (
				"${PODS_PODFILE_DIR_PATH}/Podfile.lock",
				"${PODS_ROOT}/Manifest.lock",
			);
			name = "[CP] Check Pods Manifest.lock";
			outputFileListPaths = (
			);
			outputPaths = (
				"$(DERIVED_FILE_DIR)/Pods-Freej-FreejUITests-checkManifestLockResult.txt",
			);
			runOnlyForDeploymentPostprocessing = 0;
			shellPath = /bin/sh;
			shellScript = "diff \"${PODS_PODFILE_DIR_PATH}/Podfile.lock\" \"${PODS_ROOT}/Manifest.lock\" > /dev/null\nif [ $? != 0 ] ; then\n    # print error to STDERR\n    echo \"error: The sandbox is not in sync with the Podfile.lock. Run 'pod install' or update your CocoaPods installation.\" >&2\n    exit 1\nfi\n# This output is used by Xcode 'outputs' to avoid re-running this script phase.\necho \"SUCCESS\" > \"${SCRIPT_OUTPUT_FILE_0}\"\n";
			showEnvVarsInLog = 0;
		};
		3375FFC58003FB3666EAEC3D /* [CP] Check Pods Manifest.lock */ = {
			isa = PBXShellScriptBuildPhase;
			buildActionMask = 2147483647;
			files = (
			);
			inputFileListPaths = (
			);
			inputPaths = (
				"${PODS_PODFILE_DIR_PATH}/Podfile.lock",
				"${PODS_ROOT}/Manifest.lock",
			);
			name = "[CP] Check Pods Manifest.lock";
			outputFileListPaths = (
			);
			outputPaths = (
				"$(DERIVED_FILE_DIR)/Pods-FreejTests-checkManifestLockResult.txt",
			);
			runOnlyForDeploymentPostprocessing = 0;
			shellPath = /bin/sh;
			shellScript = "diff \"${PODS_PODFILE_DIR_PATH}/Podfile.lock\" \"${PODS_ROOT}/Manifest.lock\" > /dev/null\nif [ $? != 0 ] ; then\n    # print error to STDERR\n    echo \"error: The sandbox is not in sync with the Podfile.lock. Run 'pod install' or update your CocoaPods installation.\" >&2\n    exit 1\nfi\n# This output is used by Xcode 'outputs' to avoid re-running this script phase.\necho \"SUCCESS\" > \"${SCRIPT_OUTPUT_FILE_0}\"\n";
			showEnvVarsInLog = 0;
		};
		62BBD8AB694D8BA662FB00BD /* [CP] Check Pods Manifest.lock */ = {
			isa = PBXShellScriptBuildPhase;
			buildActionMask = 2147483647;
			files = (
			);
			inputFileListPaths = (
			);
			inputPaths = (
				"${PODS_PODFILE_DIR_PATH}/Podfile.lock",
				"${PODS_ROOT}/Manifest.lock",
			);
			name = "[CP] Check Pods Manifest.lock";
			outputFileListPaths = (
			);
			outputPaths = (
				"$(DERIVED_FILE_DIR)/Pods-Freej-checkManifestLockResult.txt",
			);
			runOnlyForDeploymentPostprocessing = 0;
			shellPath = /bin/sh;
			shellScript = "diff \"${PODS_PODFILE_DIR_PATH}/Podfile.lock\" \"${PODS_ROOT}/Manifest.lock\" > /dev/null\nif [ $? != 0 ] ; then\n    # print error to STDERR\n    echo \"error: The sandbox is not in sync with the Podfile.lock. Run 'pod install' or update your CocoaPods installation.\" >&2\n    exit 1\nfi\n# This output is used by Xcode 'outputs' to avoid re-running this script phase.\necho \"SUCCESS\" > \"${SCRIPT_OUTPUT_FILE_0}\"\n";
			showEnvVarsInLog = 0;
		};
		83D63F0D38621563B6F46339 /* [CP] Embed Pods Frameworks */ = {
			isa = PBXShellScriptBuildPhase;
			buildActionMask = 2147483647;
			files = (
			);
			inputFileListPaths = (
				"${PODS_ROOT}/Target Support Files/Pods-Freej-FreejUITests/Pods-Freej-FreejUITests-frameworks-${CONFIGURATION}-input-files.xcfilelist",
			);
			name = "[CP] Embed Pods Frameworks";
			outputFileListPaths = (
				"${PODS_ROOT}/Target Support Files/Pods-Freej-FreejUITests/Pods-Freej-FreejUITests-frameworks-${CONFIGURATION}-output-files.xcfilelist",
			);
			runOnlyForDeploymentPostprocessing = 0;
			shellPath = /bin/sh;
			shellScript = "\"${PODS_ROOT}/Target Support Files/Pods-Freej-FreejUITests/Pods-Freej-FreejUITests-frameworks.sh\"\n";
			showEnvVarsInLog = 0;
		};
/* End PBXShellScriptBuildPhase section */

/* Begin PBXSourcesBuildPhase section */
		EB3641352417E89300F81D6A /* Sources */ = {
			isa = PBXSourcesBuildPhase;
			buildActionMask = 2147483647;
			files = (
				EB4B5E2F2417ECD600EB7EB9 /* SettingsVC.swift in Sources */,
				04FFCB3E2434279D00DE0FFE /* AddAnnouncementVC.swift in Sources */,
				EB3641432417E89300F81D6A /* ActivitesVC.swift in Sources */,
				EB36413D2417E89300F81D6A /* AppDelegate.swift in Sources */,
				EB36413F2417E89300F81D6A /* SceneDelegate.swift in Sources */,
				EBC1F7D624523AB700B652CC /* AddActivityVC.swift in Sources */,
				EBA9C14B2446015B0032382B /* SettingsData.swift in Sources */,
				EB0453722424F6BB009BAE59 /* ValidateVC.swift in Sources */,
				EB8A2C4E241B03D2005ED1A2 /* NetworkManager.swift in Sources */,
				EB465DE92428E768006766F3 /* Student.swift in Sources */,
				EB52C4A12448AA2C00F01ABA /* ActivityCollectionViewCell.swift in Sources */,
				EB163E042428FB7B004A34BA /* PersistentDataModel.xcdatamodeld in Sources */,
				EB0453702424F690009BAE59 /* SignUpVC.swift in Sources */,
				EBFC5A84241AF202000EB7D0 /* WelcomeVC.swift in Sources */,
				045107E0242FFC19007A4EC7 /* Announcement.swift in Sources */,
				EB52C4992448A7F500F01ABA /* ActivityTypeCell.swift in Sources */,
				045107E2242FFF14007A4EC7 /* AnnouncementCell.swift in Sources */,
				EB163E0624294682004A34BA /* DataModel.swift in Sources */,
				04FFCB3C24341EC000DE0FFE /* AnnouncementsVC.swift in Sources */,
				EBF0A4022448E0EC00D7C93A /* ActivityType.swift in Sources */,
				EBF0A4042448F20800D7C93A /* Activity.swift in Sources */,
				EBD2370D244781030095700F /* UserProfileVC.swift in Sources */,
				EB20BC15244B413D0037ACD9 /* LoadingVC.swift in Sources */,
			);
			runOnlyForDeploymentPostprocessing = 0;
		};
		EB36414D2417E89600F81D6A /* Sources */ = {
			isa = PBXSourcesBuildPhase;
			buildActionMask = 2147483647;
			files = (
				EB3641562417E89600F81D6A /* FreejTests.swift in Sources */,
			);
			runOnlyForDeploymentPostprocessing = 0;
		};
		EB3641582417E89600F81D6A /* Sources */ = {
			isa = PBXSourcesBuildPhase;
			buildActionMask = 2147483647;
			files = (
				EB3641612417E89600F81D6A /* FreejUITests.swift in Sources */,
			);
			runOnlyForDeploymentPostprocessing = 0;
		};
/* End PBXSourcesBuildPhase section */

/* Begin PBXTargetDependency section */
		EB3641532417E89600F81D6A /* PBXTargetDependency */ = {
			isa = PBXTargetDependency;
			target = EB3641382417E89300F81D6A /* Freej */;
			targetProxy = EB3641522417E89600F81D6A /* PBXContainerItemProxy */;
		};
		EB36415E2417E89600F81D6A /* PBXTargetDependency */ = {
			isa = PBXTargetDependency;
			target = EB3641382417E89300F81D6A /* Freej */;
			targetProxy = EB36415D2417E89600F81D6A /* PBXContainerItemProxy */;
		};
/* End PBXTargetDependency section */

/* Begin PBXVariantGroup section */
		EB3641442417E89300F81D6A /* Main.storyboard */ = {
			isa = PBXVariantGroup;
			children = (
				EB3641452417E89300F81D6A /* Base */,
			);
			name = Main.storyboard;
			sourceTree = "<group>";
		};
		EB3641492417E89600F81D6A /* LaunchScreen.storyboard */ = {
			isa = PBXVariantGroup;
			children = (
				EB36414A2417E89600F81D6A /* Base */,
			);
			name = LaunchScreen.storyboard;
			sourceTree = "<group>";
		};
/* End PBXVariantGroup section */

/* Begin XCBuildConfiguration section */
		EB3641632417E89600F81D6A /* Debug */ = {
			isa = XCBuildConfiguration;
			buildSettings = {
				ALWAYS_SEARCH_USER_PATHS = NO;
				CLANG_ANALYZER_NONNULL = YES;
				CLANG_ANALYZER_NUMBER_OBJECT_CONVERSION = YES_AGGRESSIVE;
				CLANG_CXX_LANGUAGE_STANDARD = "gnu++14";
				CLANG_CXX_LIBRARY = "libc++";
				CLANG_ENABLE_MODULES = YES;
				CLANG_ENABLE_OBJC_ARC = YES;
				CLANG_ENABLE_OBJC_WEAK = YES;
				CLANG_WARN_BLOCK_CAPTURE_AUTORELEASING = YES;
				CLANG_WARN_BOOL_CONVERSION = YES;
				CLANG_WARN_COMMA = YES;
				CLANG_WARN_CONSTANT_CONVERSION = YES;
				CLANG_WARN_DEPRECATED_OBJC_IMPLEMENTATIONS = YES;
				CLANG_WARN_DIRECT_OBJC_ISA_USAGE = YES_ERROR;
				CLANG_WARN_DOCUMENTATION_COMMENTS = YES;
				CLANG_WARN_EMPTY_BODY = YES;
				CLANG_WARN_ENUM_CONVERSION = YES;
				CLANG_WARN_INFINITE_RECURSION = YES;
				CLANG_WARN_INT_CONVERSION = YES;
				CLANG_WARN_NON_LITERAL_NULL_CONVERSION = YES;
				CLANG_WARN_OBJC_IMPLICIT_RETAIN_SELF = YES;
				CLANG_WARN_OBJC_LITERAL_CONVERSION = YES;
				CLANG_WARN_OBJC_ROOT_CLASS = YES_ERROR;
				CLANG_WARN_RANGE_LOOP_ANALYSIS = YES;
				CLANG_WARN_STRICT_PROTOTYPES = YES;
				CLANG_WARN_SUSPICIOUS_MOVE = YES;
				CLANG_WARN_UNGUARDED_AVAILABILITY = YES_AGGRESSIVE;
				CLANG_WARN_UNREACHABLE_CODE = YES;
				CLANG_WARN__DUPLICATE_METHOD_MATCH = YES;
				COPY_PHASE_STRIP = NO;
				DEBUG_INFORMATION_FORMAT = dwarf;
				ENABLE_STRICT_OBJC_MSGSEND = YES;
				ENABLE_TESTABILITY = YES;
				GCC_C_LANGUAGE_STANDARD = gnu11;
				GCC_DYNAMIC_NO_PIC = NO;
				GCC_NO_COMMON_BLOCKS = YES;
				GCC_OPTIMIZATION_LEVEL = 0;
				GCC_PREPROCESSOR_DEFINITIONS = (
					"DEBUG=1",
					"$(inherited)",
				);
				GCC_WARN_64_TO_32_BIT_CONVERSION = YES;
				GCC_WARN_ABOUT_RETURN_TYPE = YES_ERROR;
				GCC_WARN_UNDECLARED_SELECTOR = YES;
				GCC_WARN_UNINITIALIZED_AUTOS = YES_AGGRESSIVE;
				GCC_WARN_UNUSED_FUNCTION = YES;
				GCC_WARN_UNUSED_VARIABLE = YES;
				IPHONEOS_DEPLOYMENT_TARGET = 13.2;
				MTL_ENABLE_DEBUG_INFO = INCLUDE_SOURCE;
				MTL_FAST_MATH = YES;
				ONLY_ACTIVE_ARCH = YES;
				SDKROOT = iphoneos;
				SWIFT_ACTIVE_COMPILATION_CONDITIONS = DEBUG;
				SWIFT_OPTIMIZATION_LEVEL = "-Onone";
			};
			name = Debug;
		};
		EB3641642417E89600F81D6A /* Release */ = {
			isa = XCBuildConfiguration;
			buildSettings = {
				ALWAYS_SEARCH_USER_PATHS = NO;
				CLANG_ANALYZER_NONNULL = YES;
				CLANG_ANALYZER_NUMBER_OBJECT_CONVERSION = YES_AGGRESSIVE;
				CLANG_CXX_LANGUAGE_STANDARD = "gnu++14";
				CLANG_CXX_LIBRARY = "libc++";
				CLANG_ENABLE_MODULES = YES;
				CLANG_ENABLE_OBJC_ARC = YES;
				CLANG_ENABLE_OBJC_WEAK = YES;
				CLANG_WARN_BLOCK_CAPTURE_AUTORELEASING = YES;
				CLANG_WARN_BOOL_CONVERSION = YES;
				CLANG_WARN_COMMA = YES;
				CLANG_WARN_CONSTANT_CONVERSION = YES;
				CLANG_WARN_DEPRECATED_OBJC_IMPLEMENTATIONS = YES;
				CLANG_WARN_DIRECT_OBJC_ISA_USAGE = YES_ERROR;
				CLANG_WARN_DOCUMENTATION_COMMENTS = YES;
				CLANG_WARN_EMPTY_BODY = YES;
				CLANG_WARN_ENUM_CONVERSION = YES;
				CLANG_WARN_INFINITE_RECURSION = YES;
				CLANG_WARN_INT_CONVERSION = YES;
				CLANG_WARN_NON_LITERAL_NULL_CONVERSION = YES;
				CLANG_WARN_OBJC_IMPLICIT_RETAIN_SELF = YES;
				CLANG_WARN_OBJC_LITERAL_CONVERSION = YES;
				CLANG_WARN_OBJC_ROOT_CLASS = YES_ERROR;
				CLANG_WARN_RANGE_LOOP_ANALYSIS = YES;
				CLANG_WARN_STRICT_PROTOTYPES = YES;
				CLANG_WARN_SUSPICIOUS_MOVE = YES;
				CLANG_WARN_UNGUARDED_AVAILABILITY = YES_AGGRESSIVE;
				CLANG_WARN_UNREACHABLE_CODE = YES;
				CLANG_WARN__DUPLICATE_METHOD_MATCH = YES;
				COPY_PHASE_STRIP = NO;
				DEBUG_INFORMATION_FORMAT = "dwarf-with-dsym";
				ENABLE_NS_ASSERTIONS = NO;
				ENABLE_STRICT_OBJC_MSGSEND = YES;
				GCC_C_LANGUAGE_STANDARD = gnu11;
				GCC_NO_COMMON_BLOCKS = YES;
				GCC_WARN_64_TO_32_BIT_CONVERSION = YES;
				GCC_WARN_ABOUT_RETURN_TYPE = YES_ERROR;
				GCC_WARN_UNDECLARED_SELECTOR = YES;
				GCC_WARN_UNINITIALIZED_AUTOS = YES_AGGRESSIVE;
				GCC_WARN_UNUSED_FUNCTION = YES;
				GCC_WARN_UNUSED_VARIABLE = YES;
				IPHONEOS_DEPLOYMENT_TARGET = 13.2;
				MTL_ENABLE_DEBUG_INFO = NO;
				MTL_FAST_MATH = YES;
				SDKROOT = iphoneos;
				SWIFT_COMPILATION_MODE = wholemodule;
				SWIFT_OPTIMIZATION_LEVEL = "-O";
				VALIDATE_PRODUCT = YES;
			};
			name = Release;
		};
		EB3641662417E89600F81D6A /* Debug */ = {
			isa = XCBuildConfiguration;
			baseConfigurationReference = B97E63841FA88A67ADB9B49A /* Pods-Freej.debug.xcconfig */;
			buildSettings = {
				ASSETCATALOG_COMPILER_APPICON_NAME = AppIcon;
				CODE_SIGN_STYLE = Automatic;
				DEVELOPMENT_TEAM = TP338A8XKT;
				INFOPLIST_FILE = Freej/Info.plist;
				LD_RUNPATH_SEARCH_PATHS = (
					"$(inherited)",
					"@executable_path/Frameworks",
				);
				PRODUCT_BUNDLE_IDENTIFIER = com.hka.Freej;
				PRODUCT_NAME = "$(TARGET_NAME)";
				SWIFT_VERSION = 5.0;
				TARGETED_DEVICE_FAMILY = "1,2";
			};
			name = Debug;
		};
		EB3641672417E89600F81D6A /* Release */ = {
			isa = XCBuildConfiguration;
			baseConfigurationReference = 4020848BDCD64D089A5D5B34 /* Pods-Freej.release.xcconfig */;
			buildSettings = {
				ASSETCATALOG_COMPILER_APPICON_NAME = AppIcon;
				CODE_SIGN_STYLE = Automatic;
				DEVELOPMENT_TEAM = TP338A8XKT;
				INFOPLIST_FILE = Freej/Info.plist;
				LD_RUNPATH_SEARCH_PATHS = (
					"$(inherited)",
					"@executable_path/Frameworks",
				);
				PRODUCT_BUNDLE_IDENTIFIER = com.hka.Freej;
				PRODUCT_NAME = "$(TARGET_NAME)";
				SWIFT_VERSION = 5.0;
				TARGETED_DEVICE_FAMILY = "1,2";
			};
			name = Release;
		};
		EB3641692417E89600F81D6A /* Debug */ = {
			isa = XCBuildConfiguration;
			baseConfigurationReference = 93695000B220FEADDD20C473 /* Pods-FreejTests.debug.xcconfig */;
			buildSettings = {
				ALWAYS_EMBED_SWIFT_STANDARD_LIBRARIES = YES;
				BUNDLE_LOADER = "$(TEST_HOST)";
				CODE_SIGN_STYLE = Automatic;
				DEVELOPMENT_TEAM = TP338A8XKT;
				INFOPLIST_FILE = FreejTests/Info.plist;
				IPHONEOS_DEPLOYMENT_TARGET = 13.2;
				LD_RUNPATH_SEARCH_PATHS = (
					"$(inherited)",
					"@executable_path/Frameworks",
					"@loader_path/Frameworks",
				);
				PRODUCT_BUNDLE_IDENTIFIER = com.hka.Freej.FreejTests;
				PRODUCT_NAME = "$(TARGET_NAME)";
				SWIFT_VERSION = 5.0;
				TARGETED_DEVICE_FAMILY = "1,2";
				TEST_HOST = "$(BUILT_PRODUCTS_DIR)/Freej.app/Freej";
			};
			name = Debug;
		};
		EB36416A2417E89600F81D6A /* Release */ = {
			isa = XCBuildConfiguration;
			baseConfigurationReference = 778648B65607D18A168FAB30 /* Pods-FreejTests.release.xcconfig */;
			buildSettings = {
				ALWAYS_EMBED_SWIFT_STANDARD_LIBRARIES = YES;
				BUNDLE_LOADER = "$(TEST_HOST)";
				CODE_SIGN_STYLE = Automatic;
				DEVELOPMENT_TEAM = TP338A8XKT;
				INFOPLIST_FILE = FreejTests/Info.plist;
				IPHONEOS_DEPLOYMENT_TARGET = 13.2;
				LD_RUNPATH_SEARCH_PATHS = (
					"$(inherited)",
					"@executable_path/Frameworks",
					"@loader_path/Frameworks",
				);
				PRODUCT_BUNDLE_IDENTIFIER = com.hka.Freej.FreejTests;
				PRODUCT_NAME = "$(TARGET_NAME)";
				SWIFT_VERSION = 5.0;
				TARGETED_DEVICE_FAMILY = "1,2";
				TEST_HOST = "$(BUILT_PRODUCTS_DIR)/Freej.app/Freej";
			};
			name = Release;
		};
		EB36416C2417E89600F81D6A /* Debug */ = {
			isa = XCBuildConfiguration;
			baseConfigurationReference = AC83FDCADD2D94240D34537A /* Pods-Freej-FreejUITests.debug.xcconfig */;
			buildSettings = {
				ALWAYS_EMBED_SWIFT_STANDARD_LIBRARIES = YES;
				CODE_SIGN_STYLE = Automatic;
				DEVELOPMENT_TEAM = TP338A8XKT;
				INFOPLIST_FILE = FreejUITests/Info.plist;
				LD_RUNPATH_SEARCH_PATHS = (
					"$(inherited)",
					"@executable_path/Frameworks",
					"@loader_path/Frameworks",
				);
				PRODUCT_BUNDLE_IDENTIFIER = com.hka.Freej.FreejUITests;
				PRODUCT_NAME = "$(TARGET_NAME)";
				SWIFT_VERSION = 5.0;
				TARGETED_DEVICE_FAMILY = "1,2";
				TEST_TARGET_NAME = Freej;
			};
			name = Debug;
		};
		EB36416D2417E89600F81D6A /* Release */ = {
			isa = XCBuildConfiguration;
			baseConfigurationReference = 7F63EF5E6AF3D00E609FF357 /* Pods-Freej-FreejUITests.release.xcconfig */;
			buildSettings = {
				ALWAYS_EMBED_SWIFT_STANDARD_LIBRARIES = YES;
				CODE_SIGN_STYLE = Automatic;
				DEVELOPMENT_TEAM = TP338A8XKT;
				INFOPLIST_FILE = FreejUITests/Info.plist;
				LD_RUNPATH_SEARCH_PATHS = (
					"$(inherited)",
					"@executable_path/Frameworks",
					"@loader_path/Frameworks",
				);
				PRODUCT_BUNDLE_IDENTIFIER = com.hka.Freej.FreejUITests;
				PRODUCT_NAME = "$(TARGET_NAME)";
				SWIFT_VERSION = 5.0;
				TARGETED_DEVICE_FAMILY = "1,2";
				TEST_TARGET_NAME = Freej;
			};
			name = Release;
		};
/* End XCBuildConfiguration section */

/* Begin XCConfigurationList section */
		EB3641342417E89300F81D6A /* Build configuration list for PBXProject "Freej" */ = {
			isa = XCConfigurationList;
			buildConfigurations = (
				EB3641632417E89600F81D6A /* Debug */,
				EB3641642417E89600F81D6A /* Release */,
			);
			defaultConfigurationIsVisible = 0;
			defaultConfigurationName = Release;
		};
		EB3641652417E89600F81D6A /* Build configuration list for PBXNativeTarget "Freej" */ = {
			isa = XCConfigurationList;
			buildConfigurations = (
				EB3641662417E89600F81D6A /* Debug */,
				EB3641672417E89600F81D6A /* Release */,
			);
			defaultConfigurationIsVisible = 0;
			defaultConfigurationName = Release;
		};
		EB3641682417E89600F81D6A /* Build configuration list for PBXNativeTarget "FreejTests" */ = {
			isa = XCConfigurationList;
			buildConfigurations = (
				EB3641692417E89600F81D6A /* Debug */,
				EB36416A2417E89600F81D6A /* Release */,
			);
			defaultConfigurationIsVisible = 0;
			defaultConfigurationName = Release;
		};
		EB36416B2417E89600F81D6A /* Build configuration list for PBXNativeTarget "FreejUITests" */ = {
			isa = XCConfigurationList;
			buildConfigurations = (
				EB36416C2417E89600F81D6A /* Debug */,
				EB36416D2417E89600F81D6A /* Release */,
			);
			defaultConfigurationIsVisible = 0;
			defaultConfigurationName = Release;
		};
/* End XCConfigurationList section */

/* Begin XCVersionGroup section */
		EB163E022428FB7B004A34BA /* PersistentDataModel.xcdatamodeld */ = {
			isa = XCVersionGroup;
			children = (
				EB163E032428FB7B004A34BA /* DataModel.xcdatamodel */,
			);
			currentVersion = EB163E032428FB7B004A34BA /* DataModel.xcdatamodel */;
			path = PersistentDataModel.xcdatamodeld;
			sourceTree = "<group>";
			versionGroupType = wrapper.xcdatamodel;
		};
/* End XCVersionGroup section */
	};
	rootObject = EB3641312417E89300F81D6A /* Project object */;
}
